<?xml version="1.0" encoding="UTF-8" standalone="yes" ?>
<CodeBlocks_project_file>
	<FileVersion major="1" minor="6" />
	<Project>
		<Option title="hermes" />
		<Option pch_mode="2" />
		<Option compiler="gcc" />
		<Build>
			<Target title="Debug">
				<Option output="bin/Debug/sfml" prefix_auto="1" extension_auto="1" />
				<Option object_output="obj/Debug/" />
				<Option type="1" />
				<Option compiler="gcc" />
				<Compiler>
					<Add option="-g" />
					<Add directory="./include" />
					<Add directory="include" />
				</Compiler>
				<Linker>
					<Add library="sfml-network-d" />
					<Add library="sfml-system-d" />
					<Add library="sfml-window-d" />
					<Add library="sfml-graphics-d" />
					<Add library="sfml-audio-d" />
					<Add directory="./lib" />
				</Linker>
			</Target>
			<Target title="Release">
				<Option output="bin/Release/sfml" prefix_auto="1" extension_auto="1" />
				<Option object_output="obj/Release/" />
				<Option type="1" />
				<Option compiler="gcc" />
				<Compiler>
					<Add option="-O2" />
					<Add directory="include" />
				</Compiler>
				<Linker>
					<Add option="-s" />
					<Add library="sfml-system" />
					<Add library="sfml-graphics" />
					<Add library="sfml-window" />
					<Add library="sfml-audio" />
					<Add library="sfml-network" />
				</Linker>
			</Target>
		</Build>
		<Compiler>
			<Add option="-Wall" />
			<Add directory="./include" />
		</Compiler>
		<Linker>
			<Add directory="./lib" />
		</Linker>
		<Unit filename="TCP.cpp" />
		<Unit filename="UDP.cpp" />
		<Unit filename="include/Button.h" />
		<Unit filename="include/IpSelection.h" />
		<Unit filename="include/ProtocolSelection.h" />
		<Unit filename="include/Scene.h" />
		<Unit filename="include/SideSelection.h" />
		<Unit filename="include/TextBox.h" />
		<Unit filename="main.cpp" />
		<Unit filename="resource.rc">
			<Option compilerVar="WINDRES" />
		</Unit>
		<Unit filename="src/Button.cpp" />
		<Unit filename="src/IpSelection.cpp" />
		<Unit filename="src/ProtocolSelection.cpp" />
		<Unit filename="src/Scene.cpp" />
		<Unit filename="src/SideSelection.cpp" />
		<Unit filename="src/TextBox.cpp" />
		<Extensions>
			<code_completion />
			<envvars />
			<debugger />
			<lib_finder disable_auto="1" />
		</Extensions>
	</Project>
</CodeBlocks_project_file>
